// !$*UTF8*$!
{
	archiveVersion = 1;
	classes = {
	};
	objectVersion = 46;
	objects = {

/* Begin PBXBuildFile section */
		E4A19EF91988C5940078BE52 /* Foundation.framework in Frameworks */ = {isa = PBXBuildFile; fileRef = E4A19EF81988C5940078BE52 /* Foundation.framework */; };
		E4A19EFB1988C5940078BE52 /* CoreGraphics.framework in Frameworks */ = {isa = PBXBuildFile; fileRef = E4A19EFA1988C5940078BE52 /* CoreGraphics.framework */; };
		E4A19EFD1988C5940078BE52 /* UIKit.framework in Frameworks */ = {isa = PBXBuildFile; fileRef = E4A19EFC1988C5940078BE52 /* UIKit.framework */; };
		E4A19F031988C5940078BE52 /* InfoPlist.strings in Resources */ = {isa = PBXBuildFile; fileRef = E4A19F011988C5940078BE52 /* InfoPlist.strings */; };
		E4A19F051988C5940078BE52 /* main.m in Sources */ = {isa = PBXBuildFile; fileRef = E4A19F041988C5940078BE52 /* main.m */; };
		E4A19F091988C5940078BE52 /* AppDelegate.m in Sources */ = {isa = PBXBuildFile; fileRef = E4A19F081988C5940078BE52 /* AppDelegate.m */; };
		E4A19F0C1988C5940078BE52 /* Main.storyboard in Resources */ = {isa = PBXBuildFile; fileRef = E4A19F0A1988C5940078BE52 /* Main.storyboard */; };
		E4A19F0F1988C5940078BE52 /* ViewController.m in Sources */ = {isa = PBXBuildFile; fileRef = E4A19F0E1988C5940078BE52 /* ViewController.m */; };
		E4A19F111988C5940078BE52 /* Images.xcassets in Resources */ = {isa = PBXBuildFile; fileRef = E4A19F101988C5940078BE52 /* Images.xcassets */; };
		E4A19F181988C5940078BE52 /* XCTest.framework in Frameworks */ = {isa = PBXBuildFile; fileRef = E4A19F171988C5940078BE52 /* XCTest.framework */; };
		E4A19F191988C5940078BE52 /* Foundation.framework in Frameworks */ = {isa = PBXBuildFile; fileRef = E4A19EF81988C5940078BE52 /* Foundation.framework */; };
		E4A19F1A1988C5940078BE52 /* UIKit.framework in Frameworks */ = {isa = PBXBuildFile; fileRef = E4A19EFC1988C5940078BE52 /* UIKit.framework */; };
		E4A19F221988C5940078BE52 /* InfoPlist.strings in Resources */ = {isa = PBXBuildFile; fileRef = E4A19F201988C5940078BE52 /* InfoPlist.strings */; };
		E4A19F241988C5940078BE52 /* DragCellPrototypeTests.m in Sources */ = {isa = PBXBuildFile; fileRef = E4A19F231988C5940078BE52 /* DragCellPrototypeTests.m */; };
/* End PBXBuildFile section */

/* Begin PBXContainerItemProxy section */
		E4A19F1B1988C5940078BE52 /* PBXContainerItemProxy */ = {
			isa = PBXContainerItemProxy;
			containerPortal = E4A19EED1988C5940078BE52 /* Project object */;
			proxyType = 1;
			remoteGlobalIDString = E4A19EF41988C5940078BE52;
			remoteInfo = DragCellPrototype;
		};
/* End PBXContainerItemProxy section */

/* Begin PBXFileReference section */
		E4A19EF51988C5940078BE52 /* DragCellPrototype.app */ = {isa = PBXFileReference; explicitFileType = wrapper.application; includeInIndex = 0; path = DragCellPrototype.app; sourceTree = BUILT_PRODUCTS_DIR; };
		E4A19EF81988C5940078BE52 /* Foundation.framework */ = {isa = PBXFileReference; lastKnownFileType = wrapper.framework; name = Foundation.framework; path = System/Library/Frameworks/Foundation.framework; sourceTree = SDKROOT; };
		E4A19EFA1988C5940078BE52 /* CoreGraphics.framework */ = {isa = PBXFileReference; lastKnownFileType = wrapper.framework; name = CoreGraphics.framework; path = System/Library/Frameworks/CoreGraphics.framework; sourceTree = SDKROOT; };
		E4A19EFC1988C5940078BE52 /* UIKit.framework */ = {isa = PBXFileReference; lastKnownFileType = wrapper.framework; name = UIKit.framework; path = System/Library/Frameworks/UIKit.framework; sourceTree = SDKROOT; };
		E4A19F001988C5940078BE52 /* DragCellPrototype-Info.plist */ = {isa = PBXFileReference; lastKnownFileType = text.plist.xml; path = "DragCellPrototype-Info.plist"; sourceTree = "<group>"; };
		E4A19F021988C5940078BE52 /* en */ = {isa = PBXFileReference; lastKnownFileType = text.plist.strings; name = en; path = en.lproj/InfoPlist.strings; sourceTree = "<group>"; };
		E4A19F041988C5940078BE52 /* main.m */ = {isa = PBXFileReference; lastKnownFileType = sourcecode.c.objc; path = main.m; sourceTree = "<group>"; };
		E4A19F061988C5940078BE52 /* DragCellPrototype-Prefix.pch */ = {isa = PBXFileReference; lastKnownFileType = sourcecode.c.h; path = "DragCellPrototype-Prefix.pch"; sourceTree = "<group>"; };
		E4A19F071988C5940078BE52 /* AppDelegate.h */ = {isa = PBXFileReference; lastKnownFileType = sourcecode.c.h; path = AppDelegate.h; sourceTree = "<group>"; };
		E4A19F081988C5940078BE52 /* AppDelegate.m */ = {isa = PBXFileReference; lastKnownFileType = sourcecode.c.objc; path = AppDelegate.m; sourceTree = "<group>"; };
		E4A19F0B1988C5940078BE52 /* Base */ = {isa = PBXFileReference; lastKnownFileType = file.storyboard; name = Base; path = Base.lproj/Main.storyboard; sourceTree = "<group>"; };
		E4A19F0D1988C5940078BE52 /* ViewController.h */ = {isa = PBXFileReference; lastKnownFileType = sourcecode.c.h; path = ViewController.h; sourceTree = "<group>"; };
		E4A19F0E1988C5940078BE52 /* ViewController.m */ = {isa = PBXFileReference; lastKnownFileType = sourcecode.c.objc; path = ViewController.m; sourceTree = "<group>"; };
		E4A19F101988C5940078BE52 /* Images.xcassets */ = {isa = PBXFileReference; lastKnownFileType = folder.assetcatalog; path = Images.xcassets; sourceTree = "<group>"; };
		E4A19F161988C5940078BE52 /* DragCellPrototypeTests.xctest */ = {isa = PBXFileReference; explicitFileType = wrapper.cfbundle; includeInIndex = 0; path = DragCellPrototypeTests.xctest; sourceTree = BUILT_PRODUCTS_DIR; };
		E4A19F171988C5940078BE52 /* XCTest.framework */ = {isa = PBXFileReference; lastKnownFileType = wrapper.framework; name = XCTest.framework; path = Library/Frameworks/XCTest.framework; sourceTree = DEVELOPER_DIR; };
		E4A19F1F1988C5940078BE52 /* DragCellPrototypeTests-Info.plist */ = {isa = PBXFileReference; lastKnownFileType = text.plist.xml; path = "DragCellPrototypeTests-Info.plist"; sourceTree = "<group>"; };
		E4A19F211988C5940078BE52 /* en */ = {isa = PBXFileReference; lastKnownFileType = text.plist.strings; name = en; path = en.lproj/InfoPlist.strings; sourceTree = "<group>"; };
		E4A19F231988C5940078BE52 /* DragCellPrototypeTests.m */ = {isa = PBXFileReference; lastKnownFileType = sourcecode.c.objc; path = DragCellPrototypeTests.m; sourceTree = "<group>"; };
/* End PBXFileReference section */

/* Begin PBXFrameworksBuildPhase section */
		E4A19EF21988C5940078BE52 /* Frameworks */ = {
			isa = PBXFrameworksBuildPhase;
			buildActionMask = 2147483647;
			files = (
				E4A19EFB1988C5940078BE52 /* CoreGraphics.framework in Frameworks */,
				E4A19EFD1988C5940078BE52 /* UIKit.framework in Frameworks */,
				E4A19EF91988C5940078BE52 /* Foundation.framework in Frameworks */,
			);
			runOnlyForDeploymentPostprocessing = 0;
		};
		E4A19F131988C5940078BE52 /* Frameworks */ = {
			isa = PBXFrameworksBuildPhase;
			buildActionMask = 2147483647;
			files = (
				E4A19F181988C5940078BE52 /* XCTest.framework in Frameworks */,
				E4A19F1A1988C5940078BE52 /* UIKit.framework in Frameworks */,
				E4A19F191988C5940078BE52 /* Foundation.framework in Frameworks */,
			);
			runOnlyForDeploymentPostprocessing = 0;
		};
/* End PBXFrameworksBuildPhase section */

/* Begin PBXGroup section */
		E4A19EEC1988C5940078BE52 = {
			isa = PBXGroup;
			children = (
				E4A19EFE1988C5940078BE52 /* DragCellPrototype */,
				E4A19F1D1988C5940078BE52 /* DragCellPrototypeTests */,
				E4A19EF71988C5940078BE52 /* Frameworks */,
				E4A19EF61988C5940078BE52 /* Products */,
			);
			sourceTree = "<group>";
		};
		E4A19EF61988C5940078BE52 /* Products */ = {
			isa = PBXGroup;
			children = (
				E4A19EF51988C5940078BE52 /* DragCellPrototype.app */,
				E4A19F161988C5940078BE52 /* DragCellPrototypeTests.xctest */,
			);
			name = Products;
			sourceTree = "<group>";
		};
		E4A19EF71988C5940078BE52 /* Frameworks */ = {
			isa = PBXGroup;
			children = (
				E4A19EF81988C5940078BE52 /* Foundation.framework */,
				E4A19EFA1988C5940078BE52 /* CoreGraphics.framework */,
				E4A19EFC1988C5940078BE52 /* UIKit.framework */,
				E4A19F171988C5940078BE52 /* XCTest.framework */,
			);
			name = Frameworks;
			sourceTree = "<group>";
		};
		E4A19EFE1988C5940078BE52 /* DragCellPrototype */ = {
			isa = PBXGroup;
			children = (
				E4A19F071988C5940078BE52 /* AppDelegate.h */,
				E4A19F081988C5940078BE52 /* AppDelegate.m */,
				E4A19F0A1988C5940078BE52 /* Main.storyboard */,
				E4A19F0D1988C5940078BE52 /* ViewController.h */,
				E4A19F0E1988C5940078BE52 /* ViewController.m */,
				E4A19F101988C5940078BE52 /* Images.xcassets */,
				E4A19EFF1988C5940078BE52 /* Supporting Files */,
			);
			path = DragCellPrototype;
			sourceTree = "<group>";
		};
		E4A19EFF1988C5940078BE52 /* Supporting Files */ = {
			isa = PBXGroup;
			children = (
				E4A19F001988C5940078BE52 /* DragCellPrototype-Info.plist */,
				E4A19F011988C5940078BE52 /* InfoPlist.strings */,
				E4A19F041988C5940078BE52 /* main.m */,
				E4A19F061988C5940078BE52 /* DragCellPrototype-Prefix.pch */,
			);
			name = "Supporting Files";
			sourceTree = "<group>";
		};
		E4A19F1D1988C5940078BE52 /* DragCellPrototypeTests */ = {
			isa = PBXGroup;
			children = (
				E4A19F231988C5940078BE52 /* DragCellPrototypeTests.m */,
				E4A19F1E1988C5940078BE52 /* Supporting Files */,
			);
			path = DragCellPrototypeTests;
			sourceTree = "<group>";
		};
		E4A19F1E1988C5940078BE52 /* Supporting Files */ = {
			isa = PBXGroup;
			children = (
				E4A19F1F1988C5940078BE52 /* DragCellPrototypeTests-Info.plist */,
				E4A19F201988C5940078BE52 /* InfoPlist.strings */,
			);
			name = "Supporting Files";
			sourceTree = "<group>";
		};
/* End PBXGroup section */

/* Begin PBXNativeTarget section */
		E4A19EF41988C5940078BE52 /* DragCellPrototype */ = {
			isa = PBXNativeTarget;
			buildConfigurationList = E4A19F271988C5940078BE52 /* Build configuration list for PBXNativeTarget "DragCellPrototype" */;
			buildPhases = (
				E4A19EF11988C5940078BE52 /* Sources */,
				E4A19EF21988C5940078BE52 /* Frameworks */,
				E4A19EF31988C5940078BE52 /* Resources */,
			);
			buildRules = (
			);
			dependencies = (
			);
			name = DragCellPrototype;
			productName = DragCellPrototype;
			productReference = E4A19EF51988C5940078BE52 /* DragCellPrototype.app */;
			productType = "com.apple.product-type.application";
		};
		E4A19F151988C5940078BE52 /* DragCellPrototypeTests */ = {
			isa = PBXNativeTarget;
			buildConfigurationList = E4A19F2A1988C5940078BE52 /* Build configuration list for PBXNativeTarget "DragCellPrototypeTests" */;
			buildPhases = (
				E4A19F121988C5940078BE52 /* Sources */,
				E4A19F131988C5940078BE52 /* Frameworks */,
				E4A19F141988C5940078BE52 /* Resources */,
			);
			buildRules = (
			);
			dependencies = (
				E4A19F1C1988C5940078BE52 /* PBXTargetDependency */,
			);
			name = DragCellPrototypeTests;
			productName = DragCellPrototypeTests;
			productReference = E4A19F161988C5940078BE52 /* DragCellPrototypeTests.xctest */;
			productType = "com.apple.product-type.bundle.unit-test";
		};
/* End PBXNativeTarget section */

/* Begin PBXProject section */
		E4A19EED1988C5940078BE52 /* Project object */ = {
			isa = PBXProject;
			attributes = {
				LastUpgradeCheck = 0510;
				ORGANIZATIONNAME = A1;
				TargetAttributes = {
					E4A19F151988C5940078BE52 = {
						TestTargetID = E4A19EF41988C5940078BE52;
					};
				};
			};
			buildConfigurationList = E4A19EF01988C5940078BE52 /* Build configuration list for PBXProject "DragCellPrototype" */;
			compatibilityVersion = "Xcode 3.2";
			developmentRegion = English;
			hasScannedForEncodings = 0;
			knownRegions = (
				en,
				Base,
			);
			mainGroup = E4A19EEC1988C5940078BE52;
			productRefGroup = E4A19EF61988C5940078BE52 /* Products */;
			projectDirPath = "";
			projectRoot = "";
			targets = (
				E4A19EF41988C5940078BE52 /* DragCellPrototype */,
				E4A19F151988C5940078BE52 /* DragCellPrototypeTests */,
			);
		};
/* End PBXProject section */

/* Begin PBXResourcesBuildPhase section */
		E4A19EF31988C5940078BE52 /* Resources */ = {
			isa = PBXResourcesBuildPhase;
			buildActionMask = 2147483647;
			files = (
				E4A19F111988C5940078BE52 /* Images.xcassets in Resources */,
				E4A19F031988C5940078BE52 /* InfoPlist.strings in Resources */,
				E4A19F0C1988C5940078BE52 /* Main.storyboard in Resources */,
			);
			runOnlyForDeploymentPostprocessing = 0;
		};
		E4A19F141988C5940078BE52 /* Resources */ = {
			isa = PBXResourcesBuildPhase;
			buildActionMask = 2147483647;
			files = (
				E4A19F221988C5940078BE52 /* InfoPlist.strings in Resources */,
			);
			runOnlyForDeploymentPostprocessing = 0;
		};
/* End PBXResourcesBuildPhase section */

/* Begin PBXSourcesBuildPhase section */
		E4A19EF11988C5940078BE52 /* Sources */ = {
			isa = PBXSourcesBuildPhase;
			buildActionMask = 2147483647;
			files = (
				E4A19F0F1988C5940078BE52 /* ViewController.m in Sources */,
				E4A19F091988C5940078BE52 /* AppDelegate.m in Sources */,
				E4A19F051988C5940078BE52 /* main.m in Sources */,
			);
			runOnlyForDeploymentPostprocessing = 0;
		};
		E4A19F121988C5940078BE52 /* Sources */ = {
			isa = PBXSourcesBuildPhase;
			buildActionMask = 2147483647;
			files = (
				E4A19F241988C5940078BE52 /* DragCellPrototypeTests.m in Sources */,
			);
			runOnlyForDeploymentPostprocessing = 0;
		};
/* End PBXSourcesBuildPhase section */

/* Begin PBXTargetDependency section */
		E4A19F1C1988C5940078BE52 /* PBXTargetDependency */ = {
			isa = PBXTargetDependency;
			target = E4A19EF41988C5940078BE52 /* DragCellPrototype */;
			targetProxy = E4A19F1B1988C5940078BE52 /* PBXContainerItemProxy */;
		};
/* End PBXTargetDependency section */

/* Begin PBXVariantGroup section */
		E4A19F011988C5940078BE52 /* InfoPlist.strings */ = {
			isa = PBXVariantGroup;
			children = (
				E4A19F021988C5940078BE52 /* en */,
			);
			name = InfoPlist.strings;
			sourceTree = "<group>";
		};
		E4A19F0A1988C5940078BE52 /* Main.storyboard */ = {
			isa = PBXVariantGroup;
			children = (
				E4A19F0B1988C5940078BE52 /* Base */,
			);
			name = Main.storyboard;
			sourceTree = "<group>";
		};
		E4A19F201988C5940078BE52 /* InfoPlist.strings */ = {
			isa = PBXVariantGroup;
			children = (
				E4A19F211988C5940078BE52 /* en */,
			);
			name = InfoPlist.strings;
			sourceTree = "<group>";
		};
/* End PBXVariantGroup section */

/* Begin XCBuildConfiguration section */
		E4A19F251988C5940078BE52 /* Debug */ = {
			isa = XCBuildConfiguration;
			buildSettings = {
				ALWAYS_SEARCH_USER_PATHS = NO;
				CLANG_CXX_LANGUAGE_STANDARD = "gnu++0x";
				CLANG_CXX_LIBRARY = "libc++";
				CLANG_ENABLE_MODULES = YES;
				CLANG_ENABLE_OBJC_ARC = YES;
				CLANG_WARN_BOOL_CONVERSION = YES;
				CLANG_WARN_CONSTANT_CONVERSION = YES;
				CLANG_WARN_DIRECT_OBJC_ISA_USAGE = YES_ERROR;
				CLANG_WARN_EMPTY_BODY = YES;
				CLANG_WARN_ENUM_CONVERSION = YES;
				CLANG_WARN_INT_CONVERSION = YES;
				CLANG_WARN_OBJC_ROOT_CLASS = YES_ERROR;
				CLANG_WARN__DUPLICATE_METHOD_MATCH = YES;
				"CODE_SIGN_IDENTITY[sdk=iphoneos*]" = "iPhone Developer";
				COPY_PHASE_STRIP = NO;
				GCC_C_LANGUAGE_STANDARD = gnu99;
				GCC_DYNAMIC_NO_PIC = NO;
				GCC_OPTIMIZATION_LEVEL = 0;
				GCC_PREPROCESSOR_DEFINITIONS = (
					"DEBUG=1",
					"$(inherited)",
				);
				GCC_SYMBOLS_PRIVATE_EXTERN = NO;
				GCC_WARN_64_TO_32_BIT_CONVERSION = YES;
				GCC_WARN_ABOUT_RETURN_TYPE = YES_ERROR;
				GCC_WARN_UNDECLARED_SELECTOR = YES;
				GCC_WARN_UNINITIALIZED_AUTOS = YES_AGGRESSIVE;
				GCC_WARN_UNUSED_FUNCTION = YES;
				GCC_WARN_UNUSED_VARIABLE = YES;
				IPHONEOS_DEPLOYMENT_TARGET = 7.1;
				ONLY_ACTIVE_ARCH = YES;
				SDKROOT = iphoneos;
				TARGETED_DEVICE_FAMILY = 2;
			};
			name = Debug;
		};
		E4A19F261988C5940078BE52 /* Release */ = {
			isa = XCBuildConfiguration;
			buildSettings = {
				ALWAYS_SEARCH_USER_PATHS = NO;
				CLANG_CXX_LANGUAGE_STANDARD = "gnu++0x";
				CLANG_CXX_LIBRARY = "libc++";
				CLANG_ENABLE_MODULES = YES;
				CLANG_ENABLE_OBJC_ARC = YES;
				CLANG_WARN_BOOL_CONVERSION = YES;
				CLANG_WARN_CONSTANT_CONVERSION = YES;
				CLANG_WARN_DIRECT_OBJC_ISA_USAGE = YES_ERROR;
				CLANG_WARN_EMPTY_BODY = YES;
				CLANG_WARN_ENUM_CONVERSION = YES;
				CLANG_WARN_INT_CONVERSION = YES;
				CLANG_WARN_OBJC_ROOT_CLASS = YES_ERROR;
				CLANG_WARN__DUPLICATE_METHOD_MATCH = YES;
				"CODE_SIGN_IDENTITY[sdk=iphoneos*]" = "iPhone Developer";
				COPY_PHASE_STRIP = YES;
				ENABLE_NS_ASSERTIONS = NO;
				GCC_C_LANGUAGE_STANDARD = gnu99;
				GCC_WARN_64_TO_32_BIT_CONVERSION = YES;
				GCC_WARN_ABOUT_RETURN_TYPE = YES_ERROR;
				GCC_WARN_UNDECLARED_SELECTOR = YES;
				GCC_WARN_UNINITIALIZED_AUTOS = YES_AGGRESSIVE;
				GCC_WARN_UNUSED_FUNCTION = YES;
				GCC_WARN_UNUSED_VARIABLE = YES;
				IPHONEOS_DEPLOYMENT_TARGET = 7.1;
				SDKROOT = iphoneos;
				TARGETED_DEVICE_FAMILY = 2;
				VALIDATE_PRODUCT = YES;
			};
			name = Release;
		};
		E4A19F281988C5940078BE52 /* Debug */ = {
			isa = XCBuildConfiguration;
			buildSettings = {
				ASSETCATALOG_COMPILER_APPICON_NAME = AppIcon;
				ASSETCATALOG_COMPILER_LAUNCHIMAGE_NAME = LaunchImage;
				GCC_PRECOMPILE_PREFIX_HEADER = YES;
				GCC_PREFIX_HEADER = "DragCellPrototype/DragCellPrototype-Prefix.pch";
				INFOPLIST_FILE = "DragCellPrototype/DragCellPrototype-Info.plist";
				PRODUCT_NAME = "$(TARGET_NAME)";
				WRAPPER_EXTENSION = app;
			};
			name = Debug;
		};
		E4A19F291988C5940078BE52 /* Release */ = {
			isa = XCBuildConfiguration;
			buildSettings = {
				ASSETCATALOG_COMPILER_APPICON_NAME = AppIcon;
				ASSETCATALOG_COMPILER_LAUNCHIMAGE_NAME = LaunchImage;
				GCC_PRECOMPILE_PREFIX_HEADER = YES;
				GCC_PREFIX_HEADER = "DragCellPrototype/DragCellPrototype-Prefix.pch";
				INFOPLIST_FILE = "DragCellPrototype/DragCellPrototype-Info.plist";
				PRODUCT_NAME = "$(TARGET_NAME)";
				WRAPPER_EXTENSION = app;
			};
			name = Release;
		};
		E4A19F2B1988C5940078BE52 /* Debug */ = {
			isa = XCBuildConfiguration;
			buildSettings = {
				BUNDLE_LOADER = "$(BUILT_PRODUCTS_DIR)/DragCellPrototype.app/DragCellPrototype";
				FRAMEWORK_SEARCH_PATHS = (
					"$(SDKROOT)/Developer/Library/Frameworks",
					"$(inherited)",
					"$(DEVELOPER_FRAMEWORKS_DIR)",
				);
				GCC_PRECOMPILE_PREFIX_HEADER = YES;
				GCC_PREFIX_HEADER = "DragCellPrototype/DragCellPrototype-Prefix.pch";
				GCC_PREPROCESSOR_DEFINITIONS = (
					"DEBUG=1",
					"$(inherited)",
				);
				INFOPLIST_FILE = "DragCellPrototypeTests/DragCellPrototypeTests-Info.plist";
				PRODUCT_NAME = "$(TARGET_NAME)";
				TEST_HOST = "$(BUNDLE_LOADER)";
				WRAPPER_EXTENSION = xctest;
			};
			name = Debug;
		};
		E4A19F2C1988C5940078BE52 /* Release */ = {
			isa = XCBuildConfiguration;
			buildSettings = {
				BUNDLE_LOADER = "$(BUILT_PRODUCTS_DIR)/DragCellPrototype.app/DragCellPrototype";
				FRAMEWORK_SEARCH_PATHS = (
					"$(SDKROOT)/Developer/Library/Frameworks",
					"$(inherited)",
					"$(DEVELOPER_FRAMEWORKS_DIR)",
				);
				GCC_PRECOMPILE_PREFIX_HEADER = YES;
				GCC_PREFIX_HEADER = "DragCellPrototype/DragCellPrototype-Prefix.pch";
				INFOPLIST_FILE = "DragCellPrototypeTests/DragCellPrototypeTests-Info.plist";
				PRODUCT_NAME = "$(TARGET_NAME)";
				TEST_HOST = "$(BUNDLE_LOADER)";
				WRAPPER_EXTENSION = xctest;
			};
			name = Release;
		};
/* End XCBuildConfiguration section */

/* Begin XCConfigurationList section */
		E4A19EF01988C5940078BE52 /* Build configuration list for PBXProject "DragCellPrototype" */ = {
			isa = XCConfigurationList;
			buildConfigurations = (
				E4A19F251988C5940078BE52 /* Debug */,
				E4A19F261988C5940078BE52 /* Release */,
			);
			defaultConfigurationIsVisible = 0;
			defaultConfigurationName = Release;
		};
		E4A19F271988C5940078BE52 /* Build configuration list for PBXNativeTarget "DragCellPrototype" */ = {
			isa = XCConfigurationList;
			buildConfigurations = (
				E4A19F281988C5940078BE52 /* Debug */,
				E4A19F291988C5940078BE52 /* Release */,
			);
			defaultConfigurationIsVisible = 0;
		};
		E4A19F2A1988C5940078BE52 /* Build configuration list for PBXNativeTarget "DragCellPrototypeTests" */ = {
			isa = XCConfigurationList;
			buildConfigurations = (
				E4A19F2B1988C5940078BE52 /* Debug */,
				E4A19F2C1988C5940078BE52 /* Release */,
			);
			defaultConfigurationIsVisible = 0;
		};
/* End XCConfigurationList section */
	};
	rootObject = E4A19EED1988C5940078BE52 /* Project object */;
}
